
Microsoft Visual Studio Solution File, Format Version 12.00
# Visual Studio Version 17
VisualStudioVersion = 17.8.34219.65
MinimumVisualStudioVersion = 10.0.40219.1
Project("{FAE04EC0-301F-11D3-BF4B-00C04F79EFBC}") = "HDTAnomalyDisplay", "HDTAnomalyDisplay\HDTAnomalyDisplay.csproj", "{9151F41C-A5D4-406A-A35E-5FC828019E88}"
EndProject
Global
	GlobalSection(SolutionConfigurationPlatforms) = preSolution
		Debug|Any CPU = Debug|Any CPU
		Release|Any CPU = Release|Any CPU
	EndGlobalSection
	GlobalSection(ProjectConfigurationPlatforms) = postSolution
		{9151F41C-A5D4-406A-A35E-5FC828019E88}.Debug|Any CPU.ActiveCfg = Debug|Any CPU
		{9151F41C-A5D4-406A-A35E-5FC828019E88}.Debug|Any CPU.Build.0 = Debug|Any CPU
		{9151F41C-A5D4-406A-A35E-5FC828019E88}.Release|Any CPU.ActiveCfg = Release|Any CPU
		{9151F41C-A5D4-406A-A35E-5FC828019E88}.Release|Any CPU.Build.0 = Release|Any CPU
	EndGlobalSection
	GlobalSection(SolutionProperties) = preSolution
		HideSolutionNode = FALSE
	EndGlobalSection
	GlobalSection(ExtensibilityGlobals) = postSolution
		SolutionGuid = {692EDBD5-B0E7-4B93-996A-591E2291953B}
	EndGlobalSection
EndGlobal
